
Microsoft Visual Studio Solution File, Format Version 11.00
# Visual Studio 2010
Project("{FAE04EC0-301F-11D3-BF4B-00C04F79EFBC}") = "Windows7RendererExample", "Windows7RendererExample\Windows7RendererExample.csproj", "{651837A5-921E-4C13-8436-A2F5883A06A6}"
EndProject
Project("{FAE04EC0-301F-11D3-BF4B-00C04F79EFBC}") = "Windows7Renderer", "Windows7Renderer\Windows7Renderer.csproj", "{A5DAE67B-A6D6-400C-B598-9F87B954B702}"
EndProject
Global
	GlobalSection(SolutionConfigurationPlatforms) = preSolution
		Debug|Any CPU = Debug|Any CPU
		Debug|Mixed Platforms = Debug|Mixed Platforms
		Debug|x86 = Debug|x86
		Release|Any CPU = Release|Any CPU
		Release|Mixed Platforms = Release|Mixed Platforms
		Release|x86 = Release|x86
	EndGlobalSection
	GlobalSection(ProjectConfigurationPlatforms) = postSolution
		{651837A5-921E-4C13-8436-A2F5883A06A6}.Debug|Any CPU.ActiveCfg = Debug|x86
		{651837A5-921E-4C13-8436-A2F5883A06A6}.Debug|Mixed Platforms.ActiveCfg = Debug|x86
		{651837A5-921E-4C13-8436-A2F5883A06A6}.Debug|Mixed Platforms.Build.0 = Debug|x86
		{651837A5-921E-4C13-8436-A2F5883A06A6}.Debug|x86.ActiveCfg = Debug|x86
		{651837A5-921E-4C13-8436-A2F5883A06A6}.Debug|x86.Build.0 = Debug|x86
		{651837A5-921E-4C13-8436-A2F5883A06A6}.Release|Any CPU.ActiveCfg = Release|x86
		{651837A5-921E-4C13-8436-A2F5883A06A6}.Release|Mixed Platforms.ActiveCfg = Release|x86
		{651837A5-921E-4C13-8436-A2F5883A06A6}.Release|Mixed Platforms.Build.0 = Release|x86
		{651837A5-921E-4C13-8436-A2F5883A06A6}.Release|x86.ActiveCfg = Release|x86
		{651837A5-921E-4C13-8436-A2F5883A06A6}.Release|x86.Build.0 = Release|x86
		{A5DAE67B-A6D6-400C-B598-9F87B954B702}.Debug|Any CPU.ActiveCfg = Debug|Any CPU
		{A5DAE67B-A6D6-400C-B598-9F87B954B702}.Debug|Any CPU.Build.0 = Debug|Any CPU
		{A5DAE67B-A6D6-400C-B598-9F87B954B702}.Debug|Mixed Platforms.ActiveCfg = Debug|Any CPU
		{A5DAE67B-A6D6-400C-B598-9F87B954B702}.Debug|Mixed Platforms.Build.0 = Debug|Any CPU
		{A5DAE67B-A6D6-400C-B598-9F87B954B702}.Debug|x86.ActiveCfg = Debug|Any CPU
		{A5DAE67B-A6D6-400C-B598-9F87B954B702}.Release|Any CPU.ActiveCfg = Release|Any CPU
		{A5DAE67B-A6D6-400C-B598-9F87B954B702}.Release|Any CPU.Build.0 = Release|Any CPU
		{A5DAE67B-A6D6-400C-B598-9F87B954B702}.Release|Mixed Platforms.ActiveCfg = Release|Any CPU
		{A5DAE67B-A6D6-400C-B598-9F87B954B702}.Release|Mixed Platforms.Build.0 = Release|Any CPU
		{A5DAE67B-A6D6-400C-B598-9F87B954B702}.Release|x86.ActiveCfg = Release|Any CPU
	EndGlobalSection
	GlobalSection(SolutionProperties) = preSolution
		HideSolutionNode = FALSE
	EndGlobalSection
EndGlobal
